
Microsoft Visual Studio Solution File, Format Version 12.00
# Visual Studio Version 17
VisualStudioVersion = 17.6.33815.320
MinimumVisualStudioVersion = 10.0.40219.1
Project("{FAE04EC0-301F-11D3-BF4B-00C04F79EFBC}") = "Avito Parser", "Avito Parser\Avito Parser.csproj", "{51EE4284-246E-4EC5-AF02-4B4D867CDB6F}"
EndProject
Global
	GlobalSection(SolutionConfigurationPlatforms) = preSolution
		Debug|Any CPU = Debug|Any CPU
		Release|Any CPU = Release|Any CPU
	EndGlobalSection
	GlobalSection(ProjectConfigurationPlatforms) = postSolution
		{51EE4284-246E-4EC5-AF02-4B4D867CDB6F}.Debug|Any CPU.ActiveCfg = Debug|Any CPU
		{51EE4284-246E-4EC5-AF02-4B4D867CDB6F}.Debug|Any CPU.Build.0 = Debug|Any CPU
		{51EE4284-246E-4EC5-AF02-4B4D867CDB6F}.Release|Any CPU.ActiveCfg = Release|Any CPU
		{51EE4284-246E-4EC5-AF02-4B4D867CDB6F}.Release|Any CPU.Build.0 = Release|Any CPU
	EndGlobalSection
	GlobalSection(SolutionProperties) = preSolution
		HideSolutionNode = FALSE
	EndGlobalSection
	GlobalSection(ExtensibilityGlobals) = postSolution
		SolutionGuid = {35A14A35-1611-4125-A963-EB864965C314}
	EndGlobalSection
EndGlobal
